DEPENDENCIES
  apt
  basic_security-tlq
    git: git://github.com/TalkingQuickly/basic_security-tlq.git
    revision: 1a8217fb260d13b5e1035aa8491872ca7ba9007d
  build-essential
  chef-solo-search
    git: git://github.com/edelight/chef-solo-search.git
    revision: 848fad1461c78fd502975f1df2e14eed12610635
  locale
    git: git@github.com:hw-cookbooks/locale.git
    revision: aa46ee2b7f810378a99f3244b48c51e2c814a43f
  look_and_feel-tlq
    git: git://github.com/TalkingQuickly/look_and_feel-tlq.git
    revision: bf3b58e4233af1455a615f66a61cd104d43415b6
  memcached-tlq
    git: git://github.com/TalkingQuickly/memcached-tlq.git
    revision: 8ac6e2c68c32f79efcc4c19c7099b7db72ab158d
  monit-tlq
    git: git://github.com/TalkingQuickly/monit-tlq.git
    revision: c9651ddc15941cae5aa4234af387088e3b10cebd
    branch: master
  monit_configs-tlq
    git: git://github.com/TalkingQuickly/monit_configs-tlq.git
    revision: b2b61b9f62336e8c38830759e539576f289a1e74
    branch: master
  nginx-tlq
    git: git://github.com/TalkingQuickly/nginx-tlq.git
    revision: 863f0faadbc5c61e925cb7de10dba97fc695fa89
  npb-dev
    path: chef/cookbooks/npb-dev
  postgresql
    git: git://github.com/opscode-cookbooks/postgresql.git
    revision: 9dc4c6042bbd861ee8d5e2428397558fee06947e
  rails_gem_dependencies-tlq
    git: git://github.com/TalkingQuickly/rails_gem_dependencies-tlq.git
    revision: f62ff22492dd9a2c31cd856de176c19f0fbe2d73
  rbenv
    git: https://github.com/fnichol/chef-rbenv
    revision: 0a3018634bafe58ad21c6ee271af015220e444b9
  ruby_build
  sudo
    git: git://github.com/opscode-cookbooks/sudo.git
    revision: 8bbdff7302f7a86e18d1a3f029813c665b53b322
  users
    git: git://github.com/opscode-cookbooks/users.git
    revision: fca9a42ab44dadbb98432c931dfc6c049ecc23ce

GRAPH
  apt (2.4.0)
  basic_security-tlq (0.0.1)
  build-essential (2.0.4)
  chef-solo-search (0.5.1)
  chef-sugar (2.0.0)
  java (1.22.0)
  locale (1.0.1)
  look_and_feel-tlq (0.0.1)
  memcached-tlq (0.0.2)
  monit-tlq (0.3.7)
  monit_configs-tlq (0.0.6)
  nginx-tlq (0.0.4)
  npb-dev (1.0.1)
  openssl (2.0.0)
    chef-sugar (>= 0.0.0)
  postgresql (3.4.1)
    apt (>= 1.9.0)
    build-essential (>= 0.0.0)
    openssl (>= 0.0.0)
  rails_gem_dependencies-tlq (0.0.3)
    apt (>= 0.0.0)
  rbenv (0.7.3)
    java (> 1.4.0)
    ruby_build (>= 0.0.0)
  ruby_build (0.8.0)
  sudo (2.6.1)
  users (1.7.1)
